
Microsoft Visual Studio Solution File, Format Version 12.00
# Visual Studio 15
VisualStudioVersion = 15.0.28307.902
MinimumVisualStudioVersion = 10.0.40219.1
Project("{FAE04EC0-301F-11D3-BF4B-00C04F79EFBC}") = "Photogrammetry", "Photogrammetry\Photogrammetry.csproj", "{0879DB18-BA70-4244-8ECD-77315A7076A8}"
EndProject
Global
	GlobalSection(SolutionConfigurationPlatforms) = preSolution
		Debug|Any CPU = Debug|Any CPU
		Release|Any CPU = Release|Any CPU
	EndGlobalSection
	GlobalSection(ProjectConfigurationPlatforms) = postSolution
		{0879DB18-BA70-4244-8ECD-77315A7076A8}.Debug|Any CPU.ActiveCfg = Debug|Any CPU
		{0879DB18-BA70-4244-8ECD-77315A7076A8}.Debug|Any CPU.Build.0 = Debug|Any CPU
		{0879DB18-BA70-4244-8ECD-77315A7076A8}.Release|Any CPU.ActiveCfg = Release|Any CPU
		{0879DB18-BA70-4244-8ECD-77315A7076A8}.Release|Any CPU.Build.0 = Release|Any CPU
	EndGlobalSection
	GlobalSection(SolutionProperties) = preSolution
		HideSolutionNode = FALSE
	EndGlobalSection
	GlobalSection(ExtensibilityGlobals) = postSolution
		SolutionGuid = {F06FBA72-E0CC-4281-A9CB-7DE64EAD19BF}
	EndGlobalSection
EndGlobal
